{
  "nodes": {
    "HTTP": {
      "flake": false,
      "locked": {
        "lastModified": 1451647621,
        "narHash": "sha256-oHIyw3x0iKBexEo49YeUDV1k74ZtyYKGR2gNJXXRxts=",
        "owner": "phadej",
        "repo": "HTTP",
        "rev": "9bc0996d412fef1787449d841277ef663ad9a915",
        "type": "github"
      },
      "original": {
        "owner": "phadej",
        "repo": "HTTP",
        "type": "github"
      }
    },
    "badhosts": {
      "flake": false,
      "locked": {
        "lastModified": 1634247390,
        "narHash": "sha256-JFz6M0Mkwoby7I6LLWx0QfvZMzwET2FEQ1OGKQnFfho=",
        "owner": "StevenBlack",
        "repo": "hosts",
        "rev": "869e46fceb2eb99a00ea9a6579e56cac2388a483",
        "type": "github"
      },
      "original": {
        "owner": "StevenBlack",
        "repo": "hosts",
        "type": "github"
      }
    },
    "cabal-32": {
      "flake": false,
      "locked": {
        "lastModified": 1603716527,
        "narHash": "sha256-sDbrmur9Zfp4mPKohCD8IDZfXJ0Tjxpmr2R+kg5PpSY=",
        "owner": "haskell",
        "repo": "cabal",
        "rev": "94aaa8e4720081f9c75497e2735b90f6a819b08e",
        "type": "github"
      },
      "original": {
        "owner": "haskell",
        "ref": "3.2",
        "repo": "cabal",
        "type": "github"
      }
    },
    "cabal-34": {
      "flake": false,
      "locked": {
        "lastModified": 1622475795,
        "narHash": "sha256-chwTL304Cav+7p38d9mcb+egABWmxo2Aq+xgVBgEb/U=",
        "owner": "haskell",
        "repo": "cabal",
        "rev": "b086c1995cdd616fc8d91f46a21e905cc50a1049",
        "type": "github"
      },
      "original": {
        "owner": "haskell",
        "ref": "3.4",
        "repo": "cabal",
        "type": "github"
      }
    },
    "cardano-shell": {
      "flake": false,
      "locked": {
        "lastModified": 1608537748,
        "narHash": "sha256-PulY1GfiMgKVnBci3ex4ptk2UNYMXqGjJOxcPy2KYT4=",
        "owner": "input-output-hk",
        "repo": "cardano-shell",
        "rev": "9392c75087cb9a3d453998f4230930dea3a95725",
        "type": "github"
      },
      "original": {
        "owner": "input-output-hk",
        "repo": "cardano-shell",
        "type": "github"
      }
    },
    "emacs-overlay": {
      "locked": {
        "lastModified": 1634316000,
        "narHash": "sha256-SQdLp95eNKNBhTERXi/YbySIqePnbg/EFG4jGeXWWXA=",
        "owner": "nix-community",
        "repo": "emacs-overlay",
        "rev": "83adf13e22f6264507b6d262a9d5018ab38f494a",
        "type": "github"
      },
      "original": {
        "owner": "nix-community",
        "repo": "emacs-overlay",
        "type": "github"
      }
    },
    "flake-compat": {
      "flake": false,
      "locked": {
        "lastModified": 1627913399,
        "narHash": "sha256-hY8g6H2KFL8ownSiFeMOjwPC8P0ueXpCVEbxgda3pko=",
        "owner": "edolstra",
        "repo": "flake-compat",
        "rev": "12c64ca55c1014cdc1b16ed5a804aa8576601ff2",
        "type": "github"
      },
      "original": {
        "owner": "edolstra",
        "repo": "flake-compat",
        "type": "github"
      }
    },
    "flake-compat_2": {
      "flake": false,
      "locked": {
        "lastModified": 1627913399,
        "narHash": "sha256-hY8g6H2KFL8ownSiFeMOjwPC8P0ueXpCVEbxgda3pko=",
        "owner": "edolstra",
        "repo": "flake-compat",
        "rev": "12c64ca55c1014cdc1b16ed5a804aa8576601ff2",
        "type": "github"
      },
      "original": {
        "owner": "edolstra",
        "repo": "flake-compat",
        "type": "github"
      }
    },
    "flake-utils": {
      "locked": {
        "lastModified": 1631561581,
        "narHash": "sha256-3VQMV5zvxaVLvqqUrNz3iJelLw30mIVSfZmAaauM3dA=",
        "owner": "numtide",
        "repo": "flake-utils",
        "rev": "7e5bf3925f6fbdfaf50a2a7ca0be2879c4261d19",
        "type": "github"
      },
      "original": {
        "owner": "numtide",
        "repo": "flake-utils",
        "type": "github"
      }
    },
    "flake-utils_2": {
      "locked": {
        "lastModified": 1631561581,
        "narHash": "sha256-3VQMV5zvxaVLvqqUrNz3iJelLw30mIVSfZmAaauM3dA=",
        "owner": "numtide",
        "repo": "flake-utils",
        "rev": "7e5bf3925f6fbdfaf50a2a7ca0be2879c4261d19",
        "type": "github"
      },
      "original": {
        "owner": "numtide",
        "repo": "flake-utils",
        "type": "github"
      }
    },
    "flake-utils_3": {
      "locked": {
        "lastModified": 1623875721,
        "narHash": "sha256-A8BU7bjS5GirpAUv4QA+QnJ4CceLHkcXdRp4xITDB0s=",
        "owner": "numtide",
        "repo": "flake-utils",
        "rev": "f7e004a55b120c02ecb6219596820fcd32ca8772",
        "type": "github"
      },
      "original": {
        "owner": "numtide",
        "repo": "flake-utils",
        "type": "github"
      }
    },
    "flake-utils_4": {
      "locked": {
        "lastModified": 1619345332,
        "narHash": "sha256-qHnQkEp1uklKTpx3MvKtY6xzgcqXDsz5nLilbbuL+3A=",
        "owner": "numtide",
        "repo": "flake-utils",
        "rev": "2ebf2558e5bf978c7fb8ea927dfaed8fefab2e28",
        "type": "github"
      },
      "original": {
        "owner": "numtide",
        "repo": "flake-utils",
        "type": "github"
      }
    },
    "ghc-8.6.5-iohk": {
      "flake": false,
      "locked": {
        "lastModified": 1600920045,
        "narHash": "sha256-DO6kxJz248djebZLpSzTGD6s8WRpNI9BTwUeOf5RwY8=",
        "owner": "input-output-hk",
        "repo": "ghc",
        "rev": "95713a6ecce4551240da7c96b6176f980af75cae",
        "type": "github"
      },
      "original": {
        "owner": "input-output-hk",
        "ref": "release/8.6.5-iohk",
        "repo": "ghc",
        "type": "github"
      }
    },
    "gitignore-nix": {
      "flake": false,
      "locked": {
        "lastModified": 1634151530,
        "narHash": "sha256-l1wnu/jSxhj6+MGurKupKkWZh3Om/6FuYc/FdSlkyRI=",
        "owner": "hercules-ci",
        "repo": "gitignore.nix",
        "rev": "9e80c4d83026fa6548bc53b1a6fab8549a6991f6",
        "type": "github"
      },
      "original": {
        "owner": "hercules-ci",
        "repo": "gitignore.nix",
        "type": "github"
      }
    },
    "hackage": {
      "flake": false,
      "locked": {
        "lastModified": 1634346678,
        "narHash": "sha256-wR9tJgK/hqwiS/Gr3OaZZYWP1D75DTg8jrGcac+y6tg=",
        "owner": "input-output-hk",
        "repo": "hackage.nix",
        "rev": "21663db26da3ee159734fc73b1f6f33fc31424a1",
        "type": "github"
      },
      "original": {
        "owner": "input-output-hk",
        "repo": "hackage.nix",
        "type": "github"
      }
    },
    "hacknix": {
      "inputs": {
        "badhosts": "badhosts",
        "emacs-overlay": "emacs-overlay",
        "flake-compat": "flake-compat_2",
        "flake-utils": "flake-utils_2",
        "gitignore-nix": "gitignore-nix",
        "nix-darwin": "nix-darwin",
        "nixpkgs": "nixpkgs",
        "sops-nix": "sops-nix"
      },
      "locked": {
        "lastModified": 1634377826,
        "narHash": "sha256-2D7lbIzp47Js+iuXc9pX3Q1aP2B5mwPeWOWpiV/dbX4=",
        "owner": "hackworthltd",
        "repo": "hacknix",
        "rev": "cb6248ac81a3aa622261f73a705032c005ee7f94",
        "type": "github"
      },
      "original": {
        "owner": "hackworthltd",
        "repo": "hacknix",
        "type": "github"
      }
    },
    "haskell-nix": {
      "inputs": {
        "HTTP": "HTTP",
        "cabal-32": "cabal-32",
        "cabal-34": "cabal-34",
        "cardano-shell": "cardano-shell",
        "flake-utils": "flake-utils_3",
        "ghc-8.6.5-iohk": "ghc-8.6.5-iohk",
        "hackage": "hackage",
        "hpc-coveralls": "hpc-coveralls",
        "nix-tools": "nix-tools",
        "nixpkgs": [
          "haskell-nix",
          "nixpkgs-2105"
        ],
        "nixpkgs-2003": "nixpkgs-2003",
        "nixpkgs-2009": "nixpkgs-2009",
        "nixpkgs-2105": "nixpkgs-2105",
        "nixpkgs-unstable": "nixpkgs-unstable",
        "old-ghc-nix": "old-ghc-nix",
        "stackage": "stackage"
      },
      "locked": {
        "lastModified": 1634347268,
        "narHash": "sha256-lMtamSVAiQkCrGPYu8hrd9ROS6GjAevC27OnrzlCIcs=",
        "owner": "input-output-hk",
        "repo": "haskell.nix",
        "rev": "9ef83ff34204171114834bfb5e4a1c931a48eb79",
        "type": "github"
      },
      "original": {
        "owner": "input-output-hk",
        "repo": "haskell.nix",
        "type": "github"
      }
    },
    "hpc-coveralls": {
      "flake": false,
      "locked": {
        "lastModified": 1607498076,
        "narHash": "sha256-8uqsEtivphgZWYeUo5RDUhp6bO9j2vaaProQxHBltQk=",
        "owner": "sevanspowell",
        "repo": "hpc-coveralls",
        "rev": "14df0f7d229f4cd2e79f8eabb1a740097fdfa430",
        "type": "github"
      },
      "original": {
        "owner": "sevanspowell",
        "repo": "hpc-coveralls",
        "type": "github"
      }
    },
    "nix-darwin": {
      "inputs": {
        "nixpkgs": [
          "hacknix",
          "nixpkgs"
        ]
      },
      "locked": {
        "lastModified": 1631876560,
        "narHash": "sha256-UiWBbJ/fEFig2k+575E12UOcCF9W3rK4Htz0jgViy5s=",
        "owner": "hackworthltd",
        "repo": "nix-darwin",
        "rev": "5154c5b01b78029b69b9d3e5c54bbda70d0af058",
        "type": "github"
      },
      "original": {
        "owner": "hackworthltd",
        "ref": "fixes-v9",
        "repo": "nix-darwin",
        "type": "github"
      }
    },
    "nix-tools": {
      "flake": false,
      "locked": {
        "lastModified": 1627889534,
        "narHash": "sha256-9eEbK2nrRp6rYGQoBv6LO9IA/ANZpofwAkxMuGBD45Y=",
        "owner": "input-output-hk",
        "repo": "nix-tools",
        "rev": "15d2e4b61cb63ff351f3c490c12c4d89eafd31a1",
        "type": "github"
      },
      "original": {
        "owner": "input-output-hk",
        "repo": "nix-tools",
        "type": "github"
      }
    },
    "nixpkgs": {
      "locked": {
        "lastModified": 1633329294,
        "narHash": "sha256-0LpQLS4KMgxslMgmDHmxG/5twFlXDBW9z4Or1iOrCvU=",
        "owner": "NixOS",
        "repo": "nixpkgs",
        "rev": "ee084c02040e864eeeb4cf4f8538d92f7c675671",
        "type": "github"
      },
      "original": {
        "owner": "NixOS",
        "ref": "nixpkgs-unstable",
        "repo": "nixpkgs",
        "type": "github"
      }
    },
    "nixpkgs-2003": {
      "locked": {
        "lastModified": 1620055814,
        "narHash": "sha256-8LEHoYSJiL901bTMVatq+rf8y7QtWuZhwwpKE2fyaRY=",
        "owner": "NixOS",
        "repo": "nixpkgs",
        "rev": "1db42b7fe3878f3f5f7a4f2dc210772fd080e205",
        "type": "github"
      },
      "original": {
        "owner": "NixOS",
        "ref": "nixpkgs-20.03-darwin",
        "repo": "nixpkgs",
        "type": "github"
      }
    },
    "nixpkgs-2009": {
      "locked": {
        "lastModified": 1624271064,
        "narHash": "sha256-qns/uRW7MR2EfVf6VEeLgCsCp7pIOjDeR44JzTF09MA=",
        "owner": "NixOS",
        "repo": "nixpkgs",
        "rev": "46d1c3f28ca991601a53e9a14fdd53fcd3dd8416",
        "type": "github"
      },
      "original": {
        "owner": "NixOS",
        "ref": "nixpkgs-20.09-darwin",
        "repo": "nixpkgs",
        "type": "github"
      }
    },
    "nixpkgs-2105": {
      "locked": {
        "lastModified": 1630481079,
        "narHash": "sha256-leWXLchbAbqOlLT6tju631G40SzQWPqaAXQG3zH1Imw=",
        "owner": "NixOS",
        "repo": "nixpkgs",
        "rev": "110a2c9ebbf5d4a94486854f18a37a938cfacbbb",
        "type": "github"
      },
      "original": {
        "owner": "NixOS",
        "ref": "nixpkgs-21.05-darwin",
        "repo": "nixpkgs",
        "type": "github"
      }
    },
    "nixpkgs-unstable": {
      "locked": {
        "lastModified": 1628785280,
        "narHash": "sha256-2B5eMrEr6O8ff2aQNeVxTB+9WrGE80OB4+oM6T7fOcc=",
        "owner": "NixOS",
        "repo": "nixpkgs",
        "rev": "6525bbc06a39f26750ad8ee0d40000ddfdc24acb",
        "type": "github"
      },
      "original": {
        "owner": "NixOS",
        "ref": "nixpkgs-unstable",
        "repo": "nixpkgs",
        "type": "github"
      }
    },
    "old-ghc-nix": {
      "flake": false,
      "locked": {
        "lastModified": 1631092763,
        "narHash": "sha256-sIKgO+z7tj4lw3u6oBZxqIhDrzSkvpHtv0Kki+lh9Fg=",
        "owner": "angerman",
        "repo": "old-ghc-nix",
        "rev": "af48a7a7353e418119b6dfe3cd1463a657f342b8",
        "type": "github"
      },
      "original": {
        "owner": "angerman",
        "ref": "master",
        "repo": "old-ghc-nix",
        "type": "github"
      }
    },
    "pre-commit-hooks-nix": {
      "inputs": {
        "flake-utils": "flake-utils_4",
        "nixpkgs": [
          "nixpkgs"
        ]
      },
      "locked": {
        "lastModified": 1633788342,
        "narHash": "sha256-wx+aRtR5FwbMOV/0N3PSC4au92aXl6tfwHOk4xgYXRQ=",
        "owner": "cachix",
        "repo": "pre-commit-hooks.nix",
        "rev": "475b1f7f7ddcb6415e6624a68c4fe90f55ee9e73",
        "type": "github"
      },
      "original": {
        "owner": "cachix",
        "repo": "pre-commit-hooks.nix",
        "type": "github"
      }
    },
    "root": {
      "inputs": {
        "flake-compat": "flake-compat",
        "flake-utils": "flake-utils",
        "hacknix": "hacknix",
        "haskell-nix": "haskell-nix",
        "nixpkgs": [
          "haskell-nix",
          "nixpkgs-unstable"
        ],
        "pre-commit-hooks-nix": "pre-commit-hooks-nix"
      }
    },
    "sops-nix": {
      "inputs": {
        "nixpkgs": [
          "hacknix",
          "nixpkgs"
        ]
      },
      "locked": {
        "lastModified": 1633273832,
        "narHash": "sha256-oOjpMVYpkIUpiML61PeqTk+sg4juRvF7P6jroI/YvTw=",
        "owner": "Mic92",
        "repo": "sops-nix",
        "rev": "2e86e1698d53e5bd71d9de5f8b7e8f2f5458633c",
        "type": "github"
      },
      "original": {
        "owner": "Mic92",
        "repo": "sops-nix",
        "type": "github"
      }
    },
    "stackage": {
      "flake": false,
      "locked": {
        "lastModified": 1634087664,
        "narHash": "sha256-c8PrHS0yAhNL0OReTKwqDid3FD9IHqaXiOxGVDXV/FA=",
        "owner": "input-output-hk",
        "repo": "stackage.nix",
        "rev": "1301f5d364ed6c704103a558e49b08b63096b810",
        "type": "github"
      },
      "original": {
        "owner": "input-output-hk",
        "repo": "stackage.nix",
        "type": "github"
      }
    }
  },
  "root": "root",
  "version": 7
}
