{
  "nodes": {
    "flake-utils": {
      "locked": {
        "lastModified": 1676283394,
        "narHash": "sha256-XX2f9c3iySLCw54rJ/CZs+ZK6IQy7GXNY4nSOyu2QG4=",
        "owner": "numtide",
        "repo": "flake-utils",
        "rev": "3db36a8b464d0c4532ba1c7dda728f4576d6d073",
        "type": "github"
      },
      "original": {
        "owner": "numtide",
        "repo": "flake-utils",
        "type": "github"
      }
    },
    "ghc-wasm": {
      "inputs": {
        "flake-utils": "flake-utils",
        "nixpkgs": "nixpkgs"
      },
      "locked": {
        "lastModified": 1678207371,
        "narHash": "sha256-7pUaVKLTsyQL62PWFwZnkXReNpJ5BUe/EAfJOICQjeA=",
        "ref": "refs/heads/master",
        "rev": "ead27e4c00b99c27db209f2ea4cc813947f86522",
        "revCount": 74,
        "type": "git",
        "url": "https://gitlab.haskell.org/ghc/ghc-wasm-meta"
      },
      "original": {
        "type": "git",
        "url": "https://gitlab.haskell.org/ghc/ghc-wasm-meta"
      }
    },
    "nixpkgs": {
      "locked": {
        "lastModified": 1678086707,
        "narHash": "sha256-y1uXdxzinIne4FW3TF7DCtxEB9gAbQ4qnbpYzhvkFm8=",
        "owner": "NixOS",
        "repo": "nixpkgs",
        "rev": "21eda9bc80bef824a037582b1e5a43ba74e92daa",
        "type": "github"
      },
      "original": {
        "owner": "NixOS",
        "ref": "nixpkgs-unstable",
        "repo": "nixpkgs",
        "type": "github"
      }
    },
    "nixpkgs_2": {
      "locked": {
        "lastModified": 1678732180,
        "narHash": "sha256-PAlLgP1fACJlNZVn1Wn34JPsH0Mnc6cZ36Vrl3ycYyE=",
        "owner": "NixOS",
        "repo": "nixpkgs",
        "rev": "2f3548754f98f6fb2dc8be00a9b514b5a388bc39",
        "type": "github"
      },
      "original": {
        "owner": "NixOS",
        "repo": "nixpkgs",
        "type": "github"
      }
    },
    "root": {
      "inputs": {
        "ghc-wasm": "ghc-wasm",
        "nixpkgs": "nixpkgs_2"
      }
    }
  },
  "root": "root",
  "version": 7
}
